
Microsoft Visual Studio Solution File, Format Version 12.00
# Visual Studio Version 16
VisualStudioVersion = 16.0.31129.286
MinimumVisualStudioVersion = 10.0.40219.1
Project("{FAE04EC0-301F-11D3-BF4B-00C04F79EFBC}") = "UC1-IndianCensusInfoFromCSVFile", "UC1-IndianCensusInfoFromCSVFile.csproj", "{540FDF41-54F8-4A49-B095-C8F8BEBDD145}"
EndProject
Project("{FAE04EC0-301F-11D3-BF4B-00C04F79EFBC}") = "IndianStateCensusAndCodeAnalyserTest", "..\IndianStateCensusAndCodeAnalyserTest\IndianStateCensusAndCodeAnalyserTest.csproj", "{1A106C6F-C812-4CD9-86E3-4EBCEFAE2E97}"
EndProject
Global
	GlobalSection(SolutionConfigurationPlatforms) = preSolution
		Debug|Any CPU = Debug|Any CPU
		Release|Any CPU = Release|Any CPU
	EndGlobalSection
	GlobalSection(ProjectConfigurationPlatforms) = postSolution
		{540FDF41-54F8-4A49-B095-C8F8BEBDD145}.Debug|Any CPU.ActiveCfg = Debug|Any CPU
		{540FDF41-54F8-4A49-B095-C8F8BEBDD145}.Debug|Any CPU.Build.0 = Debug|Any CPU
		{540FDF41-54F8-4A49-B095-C8F8BEBDD145}.Release|Any CPU.ActiveCfg = Release|Any CPU
		{540FDF41-54F8-4A49-B095-C8F8BEBDD145}.Release|Any CPU.Build.0 = Release|Any CPU
		{1A106C6F-C812-4CD9-86E3-4EBCEFAE2E97}.Debug|Any CPU.ActiveCfg = Debug|Any CPU
		{1A106C6F-C812-4CD9-86E3-4EBCEFAE2E97}.Debug|Any CPU.Build.0 = Debug|Any CPU
		{1A106C6F-C812-4CD9-86E3-4EBCEFAE2E97}.Release|Any CPU.ActiveCfg = Release|Any CPU
		{1A106C6F-C812-4CD9-86E3-4EBCEFAE2E97}.Release|Any CPU.Build.0 = Release|Any CPU
	EndGlobalSection
	GlobalSection(SolutionProperties) = preSolution
		HideSolutionNode = FALSE
	EndGlobalSection
	GlobalSection(ExtensibilityGlobals) = postSolution
		SolutionGuid = {6532D060-D765-4230-B613-C0EFB904B13D}
	EndGlobalSection
EndGlobal
